
Microsoft Visual Studio Solution File, Format Version 12.00
# Visual Studio Version 17
VisualStudioVersion = 17.9.34622.214
MinimumVisualStudioVersion = 10.0.40219.1
Project("{FAE04EC0-301F-11D3-BF4B-00C04F79EFBC}") = "TestClassifiedAd", "TestClassifiedAd.csproj", "{88DBFF04-AD76-4CBC-B744-96900E6BBD4E}"
EndProject
Global
	GlobalSection(SolutionConfigurationPlatforms) = preSolution
		Debug|Any CPU = Debug|Any CPU
		Release|Any CPU = Release|Any CPU
	EndGlobalSection
	GlobalSection(ProjectConfigurationPlatforms) = postSolution
		{88DBFF04-AD76-4CBC-B744-96900E6BBD4E}.Debug|Any CPU.ActiveCfg = Debug|Any CPU
		{88DBFF04-AD76-4CBC-B744-96900E6BBD4E}.Debug|Any CPU.Build.0 = Debug|Any CPU
		{88DBFF04-AD76-4CBC-B744-96900E6BBD4E}.Release|Any CPU.ActiveCfg = Release|Any CPU
		{88DBFF04-AD76-4CBC-B744-96900E6BBD4E}.Release|Any CPU.Build.0 = Release|Any CPU
	EndGlobalSection
	GlobalSection(SolutionProperties) = preSolution
		HideSolutionNode = FALSE
	EndGlobalSection
	GlobalSection(ExtensibilityGlobals) = postSolution
		SolutionGuid = {155DBBFE-05F4-4F1D-B646-AF2852D032D7}
	EndGlobalSection
EndGlobal
